
Microsoft Visual Studio Solution File, Format Version 12.00
# Visual Studio 14
VisualStudioVersion = 14.0.25420.1
MinimumVisualStudioVersion = 10.0.40219.1
Project("{FAE04EC0-301F-11D3-BF4B-00C04F79EFBC}") = "WFBS.DAL", "WFBS.DAL\WFBS.DAL.csproj", "{E9849EAE-F230-4DCA-9322-8C59F572D43B}"
EndProject
Project("{FAE04EC0-301F-11D3-BF4B-00C04F79EFBC}") = "WFBS.Presentation", "WFBS.Presentation\WFBS.Presentation.csproj", "{812E823E-85FB-4C7A-88D7-B53635F0EC1D}"
	ProjectSection(ProjectDependencies) = postProject
		{060A04C0-557A-4DA7-A785-5AEC0E4A73DD} = {060A04C0-557A-4DA7-A785-5AEC0E4A73DD}
	EndProjectSection
EndProject
Project("{FAE04EC0-301F-11D3-BF4B-00C04F79EFBC}") = "WFBS.UnitTests", "WFBS.UnitTests\WFBS.UnitTests.csproj", "{F1833AED-3008-414A-8D95-1A96886D3AE2}"
EndProject
Project("{FAE04EC0-301F-11D3-BF4B-00C04F79EFBC}") = "WFBS.Service", "WFBS.Service\WFBS.Service.csproj", "{060A04C0-557A-4DA7-A785-5AEC0E4A73DD}"
EndProject
Project("{FAE04EC0-301F-11D3-BF4B-00C04F79EFBC}") = "WFBS.Business.Log", "WFBS.Business.Log\WFBS.Business.Log.csproj", "{D6CFD339-F00D-4873-9BD9-4A0FD323650D}"
EndProject
Project("{FAE04EC0-301F-11D3-BF4B-00C04F79EFBC}") = "WFBS.Business.DataAccess", "WFBS.Business.DataAccess\WFBS.Business.DataAccess.csproj", "{3619C9CE-841F-425B-9093-C6AB5ADB666E}"
EndProject
Project("{FAE04EC0-301F-11D3-BF4B-00C04F79EFBC}") = "WFBS.Business.Contracts", "WFBS.Business.Contracts\WFBS.Business.Contracts.csproj", "{DF99B7BC-71A7-4A0E-AF28-552F7526CEEF}"
EndProject
Project("{FAE04EC0-301F-11D3-BF4B-00C04F79EFBC}") = "WFBS.Business.Entities", "WFBS.Business.Entities\WFBS.Business.Entities.csproj", "{CED5238A-336D-447E-8FB7-C7BB68B63E0F}"
EndProject
Project("{FAE04EC0-301F-11D3-BF4B-00C04F79EFBC}") = "WFBS.Business.Operations", "WFBS.Business.Operations\WFBS.Business.Operations.csproj", "{4FD96D85-0472-4A08-9FC7-9F56C8ADDDE0}"
EndProject
Project("{FAE04EC0-301F-11D3-BF4B-00C04F79EFBC}") = "WFBS.IT.Communication", "WFBS.IT.Communication\WFBS.IT.Communication.csproj", "{7089DBD0-E6E2-4500-98EA-DAC241949D2C}"
EndProject
Project("{2150E333-8FDC-42A3-9474-1A3956D46DE8}") = "WFBS.Business", "WFBS.Business", "{12095EF0-3BC3-4B9F-8B7B-49AE9443F815}"
EndProject
Project("{54435603-DBB4-11D2-8724-00A0C9A8B90C}") = "Setup", "Setup\Setup.vdproj", "{A004C9E1-BECA-4D40-B199-26E119BFD276}"
EndProject
Global
	GlobalSection(SolutionConfigurationPlatforms) = preSolution
		Debug|Any CPU = Debug|Any CPU
		Release|Any CPU = Release|Any CPU
	EndGlobalSection
	GlobalSection(ProjectConfigurationPlatforms) = postSolution
		{E9849EAE-F230-4DCA-9322-8C59F572D43B}.Debug|Any CPU.ActiveCfg = Debug|Any CPU
		{E9849EAE-F230-4DCA-9322-8C59F572D43B}.Debug|Any CPU.Build.0 = Debug|Any CPU
		{E9849EAE-F230-4DCA-9322-8C59F572D43B}.Release|Any CPU.ActiveCfg = Release|Any CPU
		{E9849EAE-F230-4DCA-9322-8C59F572D43B}.Release|Any CPU.Build.0 = Release|Any CPU
		{812E823E-85FB-4C7A-88D7-B53635F0EC1D}.Debug|Any CPU.ActiveCfg = Debug|Any CPU
		{812E823E-85FB-4C7A-88D7-B53635F0EC1D}.Debug|Any CPU.Build.0 = Debug|Any CPU
		{812E823E-85FB-4C7A-88D7-B53635F0EC1D}.Release|Any CPU.ActiveCfg = Release|Any CPU
		{812E823E-85FB-4C7A-88D7-B53635F0EC1D}.Release|Any CPU.Build.0 = Release|Any CPU
		{F1833AED-3008-414A-8D95-1A96886D3AE2}.Debug|Any CPU.ActiveCfg = Debug|Any CPU
		{F1833AED-3008-414A-8D95-1A96886D3AE2}.Debug|Any CPU.Build.0 = Debug|Any CPU
		{F1833AED-3008-414A-8D95-1A96886D3AE2}.Release|Any CPU.ActiveCfg = Release|Any CPU
		{F1833AED-3008-414A-8D95-1A96886D3AE2}.Release|Any CPU.Build.0 = Release|Any CPU
		{060A04C0-557A-4DA7-A785-5AEC0E4A73DD}.Debug|Any CPU.ActiveCfg = Debug|Any CPU
		{060A04C0-557A-4DA7-A785-5AEC0E4A73DD}.Debug|Any CPU.Build.0 = Debug|Any CPU
		{060A04C0-557A-4DA7-A785-5AEC0E4A73DD}.Release|Any CPU.ActiveCfg = Release|Any CPU
		{060A04C0-557A-4DA7-A785-5AEC0E4A73DD}.Release|Any CPU.Build.0 = Release|Any CPU
		{D6CFD339-F00D-4873-9BD9-4A0FD323650D}.Debug|Any CPU.ActiveCfg = Debug|Any CPU
		{D6CFD339-F00D-4873-9BD9-4A0FD323650D}.Debug|Any CPU.Build.0 = Debug|Any CPU
		{D6CFD339-F00D-4873-9BD9-4A0FD323650D}.Release|Any CPU.ActiveCfg = Release|Any CPU
		{D6CFD339-F00D-4873-9BD9-4A0FD323650D}.Release|Any CPU.Build.0 = Release|Any CPU
		{3619C9CE-841F-425B-9093-C6AB5ADB666E}.Debug|Any CPU.ActiveCfg = Debug|Any CPU
		{3619C9CE-841F-425B-9093-C6AB5ADB666E}.Debug|Any CPU.Build.0 = Debug|Any CPU
		{3619C9CE-841F-425B-9093-C6AB5ADB666E}.Release|Any CPU.ActiveCfg = Release|Any CPU
		{3619C9CE-841F-425B-9093-C6AB5ADB666E}.Release|Any CPU.Build.0 = Release|Any CPU
		{DF99B7BC-71A7-4A0E-AF28-552F7526CEEF}.Debug|Any CPU.ActiveCfg = Debug|Any CPU
		{DF99B7BC-71A7-4A0E-AF28-552F7526CEEF}.Debug|Any CPU.Build.0 = Debug|Any CPU
		{DF99B7BC-71A7-4A0E-AF28-552F7526CEEF}.Release|Any CPU.ActiveCfg = Release|Any CPU
		{DF99B7BC-71A7-4A0E-AF28-552F7526CEEF}.Release|Any CPU.Build.0 = Release|Any CPU
		{CED5238A-336D-447E-8FB7-C7BB68B63E0F}.Debug|Any CPU.ActiveCfg = Debug|Any CPU
		{CED5238A-336D-447E-8FB7-C7BB68B63E0F}.Debug|Any CPU.Build.0 = Debug|Any CPU
		{CED5238A-336D-447E-8FB7-C7BB68B63E0F}.Release|Any CPU.ActiveCfg = Release|Any CPU
		{CED5238A-336D-447E-8FB7-C7BB68B63E0F}.Release|Any CPU.Build.0 = Release|Any CPU
		{4FD96D85-0472-4A08-9FC7-9F56C8ADDDE0}.Debug|Any CPU.ActiveCfg = Debug|Any CPU
		{4FD96D85-0472-4A08-9FC7-9F56C8ADDDE0}.Debug|Any CPU.Build.0 = Debug|Any CPU
		{4FD96D85-0472-4A08-9FC7-9F56C8ADDDE0}.Release|Any CPU.ActiveCfg = Release|Any CPU
		{4FD96D85-0472-4A08-9FC7-9F56C8ADDDE0}.Release|Any CPU.Build.0 = Release|Any CPU
		{7089DBD0-E6E2-4500-98EA-DAC241949D2C}.Debug|Any CPU.ActiveCfg = Debug|Any CPU
		{7089DBD0-E6E2-4500-98EA-DAC241949D2C}.Debug|Any CPU.Build.0 = Debug|Any CPU
		{7089DBD0-E6E2-4500-98EA-DAC241949D2C}.Release|Any CPU.ActiveCfg = Release|Any CPU
		{7089DBD0-E6E2-4500-98EA-DAC241949D2C}.Release|Any CPU.Build.0 = Release|Any CPU
		{A004C9E1-BECA-4D40-B199-26E119BFD276}.Debug|Any CPU.ActiveCfg = Debug
		{A004C9E1-BECA-4D40-B199-26E119BFD276}.Release|Any CPU.ActiveCfg = Release
	EndGlobalSection
	GlobalSection(SolutionProperties) = preSolution
		HideSolutionNode = FALSE
	EndGlobalSection
	GlobalSection(NestedProjects) = preSolution
		{D6CFD339-F00D-4873-9BD9-4A0FD323650D} = {12095EF0-3BC3-4B9F-8B7B-49AE9443F815}
		{3619C9CE-841F-425B-9093-C6AB5ADB666E} = {12095EF0-3BC3-4B9F-8B7B-49AE9443F815}
		{DF99B7BC-71A7-4A0E-AF28-552F7526CEEF} = {12095EF0-3BC3-4B9F-8B7B-49AE9443F815}
		{CED5238A-336D-447E-8FB7-C7BB68B63E0F} = {12095EF0-3BC3-4B9F-8B7B-49AE9443F815}
		{4FD96D85-0472-4A08-9FC7-9F56C8ADDDE0} = {12095EF0-3BC3-4B9F-8B7B-49AE9443F815}
	EndGlobalSection
EndGlobal
